
Microsoft Visual Studio Solution File, Format Version 12.00
# Visual Studio 2012
Project("{FAE04EC0-301F-11D3-BF4B-00C04F79EFBC}") = "NeurolutionNG", "NeurolutionNG\NeurolutionNG.csproj", "{C9200097-EA11-422B-9DCA-8B89A1B9CA37}"
EndProject
Global
	GlobalSection(SolutionConfigurationPlatforms) = preSolution
		Debug|x86 = Debug|x86
		Release|x86 = Release|x86
	EndGlobalSection
	GlobalSection(ProjectConfigurationPlatforms) = postSolution
		{C9200097-EA11-422B-9DCA-8B89A1B9CA37}.Debug|x86.ActiveCfg = Debug|x86
		{C9200097-EA11-422B-9DCA-8B89A1B9CA37}.Debug|x86.Build.0 = Debug|x86
		{C9200097-EA11-422B-9DCA-8B89A1B9CA37}.Release|x86.ActiveCfg = Release|x86
		{C9200097-EA11-422B-9DCA-8B89A1B9CA37}.Release|x86.Build.0 = Release|x86
	EndGlobalSection
EndGlobal
